
Microsoft Visual Studio Solution File, Format Version 12.00
# Visual Studio Version 17
VisualStudioVersion = 17.7.34024.191
MinimumVisualStudioVersion = 10.0.40219.1
Project("{9A19103F-16F7-4668-BE54-9A1E7A4F7556}") = "TesteSRT", "TesteSRT.csproj", "{E8F80FD9-E35D-4060-A046-EB0672086E47}"
EndProject
Project("{9A19103F-16F7-4668-BE54-9A1E7A4F7556}") = "SRTOffsetChanger", "..\CoreLibrary\SRTOffsetChanger.csproj", "{1292FD46-E8D9-4AF4-B7BC-D51F6DBACFA1}"
EndProject
Global
	GlobalSection(SolutionConfigurationPlatforms) = preSolution
		Debug|Any CPU = Debug|Any CPU
		Release|Any CPU = Release|Any CPU
	EndGlobalSection
	GlobalSection(ProjectConfigurationPlatforms) = postSolution
		{E8F80FD9-E35D-4060-A046-EB0672086E47}.Debug|Any CPU.ActiveCfg = Debug|Any CPU
		{E8F80FD9-E35D-4060-A046-EB0672086E47}.Debug|Any CPU.Build.0 = Debug|Any CPU
		{E8F80FD9-E35D-4060-A046-EB0672086E47}.Release|Any CPU.ActiveCfg = Release|Any CPU
		{E8F80FD9-E35D-4060-A046-EB0672086E47}.Release|Any CPU.Build.0 = Release|Any CPU
		{1292FD46-E8D9-4AF4-B7BC-D51F6DBACFA1}.Debug|Any CPU.ActiveCfg = Debug|Any CPU
		{1292FD46-E8D9-4AF4-B7BC-D51F6DBACFA1}.Debug|Any CPU.Build.0 = Debug|Any CPU
		{1292FD46-E8D9-4AF4-B7BC-D51F6DBACFA1}.Release|Any CPU.ActiveCfg = Release|Any CPU
		{1292FD46-E8D9-4AF4-B7BC-D51F6DBACFA1}.Release|Any CPU.Build.0 = Release|Any CPU
	EndGlobalSection
	GlobalSection(SolutionProperties) = preSolution
		HideSolutionNode = FALSE
	EndGlobalSection
	GlobalSection(ExtensibilityGlobals) = postSolution
		SolutionGuid = {814B5C9C-90DE-478B-91F5-A4CDF50F6C74}
	EndGlobalSection
EndGlobal
